
Microsoft Visual Studio Solution File, Format Version 12.00
# Visual Studio Version 17
VisualStudioVersion = 17.4.33110.190
MinimumVisualStudioVersion = 10.0.40219.1
Project("{FAE04EC0-301F-11D3-BF4B-00C04F79EFBC}") = "ContactManager", "ContactManager\ContactManager.csproj", "{63C0F2B5-FFD1-4106-9232-1376A81F82DE}"
EndProject
Global
	GlobalSection(SolutionConfigurationPlatforms) = preSolution
		Debug|Any CPU = Debug|Any CPU
		Release|Any CPU = Release|Any CPU
	EndGlobalSection
	GlobalSection(ProjectConfigurationPlatforms) = postSolution
		{63C0F2B5-FFD1-4106-9232-1376A81F82DE}.Debug|Any CPU.ActiveCfg = Debug|Any CPU
		{63C0F2B5-FFD1-4106-9232-1376A81F82DE}.Debug|Any CPU.Build.0 = Debug|Any CPU
		{63C0F2B5-FFD1-4106-9232-1376A81F82DE}.Release|Any CPU.ActiveCfg = Release|Any CPU
		{63C0F2B5-FFD1-4106-9232-1376A81F82DE}.Release|Any CPU.Build.0 = Release|Any CPU
	EndGlobalSection
	GlobalSection(SolutionProperties) = preSolution
		HideSolutionNode = FALSE
	EndGlobalSection
	GlobalSection(ExtensibilityGlobals) = postSolution
		SolutionGuid = {A5D5B2DE-1605-4D1C-8CDB-DE056C6874AE}
	EndGlobalSection
EndGlobal
